
Microsoft Visual Studio Solution File, Format Version 12.00
# Visual Studio Version 16
VisualStudioVersion = 16.0.29609.76
MinimumVisualStudioVersion = 10.0.40219.1
Project("{FAE04EC0-301F-11D3-BF4B-00C04F79EFBC}") = "SqlExecutionPlanAndHints", "SqlExecutionPlanAndHints\SqlExecutionPlanAndHints.csproj", "{EB73AEA8-D110-4E26-8DC3-B3D37FDDE64F}"
EndProject
Global
	GlobalSection(SolutionConfigurationPlatforms) = preSolution
		Debug|Any CPU = Debug|Any CPU
		Release|Any CPU = Release|Any CPU
	EndGlobalSection
	GlobalSection(ProjectConfigurationPlatforms) = postSolution
		{EB73AEA8-D110-4E26-8DC3-B3D37FDDE64F}.Debug|Any CPU.ActiveCfg = Debug|Any CPU
		{EB73AEA8-D110-4E26-8DC3-B3D37FDDE64F}.Debug|Any CPU.Build.0 = Debug|Any CPU
		{EB73AEA8-D110-4E26-8DC3-B3D37FDDE64F}.Release|Any CPU.ActiveCfg = Release|Any CPU
		{EB73AEA8-D110-4E26-8DC3-B3D37FDDE64F}.Release|Any CPU.Build.0 = Release|Any CPU
	EndGlobalSection
	GlobalSection(SolutionProperties) = preSolution
		HideSolutionNode = FALSE
	EndGlobalSection
	GlobalSection(ExtensibilityGlobals) = postSolution
		SolutionGuid = {14DF5BBD-BA18-44F6-9F35-5C40D8C8F2C2}
	EndGlobalSection
EndGlobal
